
Microsoft Visual Studio Solution File, Format Version 12.00
# Visual Studio Version 16
VisualStudioVersion = 16.0.32602.291
MinimumVisualStudioVersion = 10.0.40219.1
Project("{FAE04EC0-301F-11D3-BF4B-00C04F79EFBC}") = "SiteMVC", "SiteMVC\SiteMVC.csproj", "{77E4A623-01B4-42DB-87FF-82808A1327AF}"
EndProject
Global
	GlobalSection(SolutionConfigurationPlatforms) = preSolution
		Debug|Any CPU = Debug|Any CPU
		Release|Any CPU = Release|Any CPU
	EndGlobalSection
	GlobalSection(ProjectConfigurationPlatforms) = postSolution
		{77E4A623-01B4-42DB-87FF-82808A1327AF}.Debug|Any CPU.ActiveCfg = Debug|Any CPU
		{77E4A623-01B4-42DB-87FF-82808A1327AF}.Debug|Any CPU.Build.0 = Debug|Any CPU
		{77E4A623-01B4-42DB-87FF-82808A1327AF}.Release|Any CPU.ActiveCfg = Release|Any CPU
		{77E4A623-01B4-42DB-87FF-82808A1327AF}.Release|Any CPU.Build.0 = Release|Any CPU
	EndGlobalSection
	GlobalSection(SolutionProperties) = preSolution
		HideSolutionNode = FALSE
	EndGlobalSection
	GlobalSection(ExtensibilityGlobals) = postSolution
		SolutionGuid = {AD5B2054-B980-4839-818A-3402AFB30D52}
	EndGlobalSection
EndGlobal
